# Clean local-composite BEX input for the Contracts 1.0 bridge.
coordinate=blue.bex:blue-bex-core:1.1.0-rc.4
contractsCoordinate=blue.bex:blue-bex-contracts:1.1.0-rc.4
baseCommit=23e9e62feb36bf14a579912bcfa80da84f5ee85f
workspaceDiffSha256=af5570f5a1810b7af78caf4bc70a660f0df51e42baf91d4de5b2328de0e83dfc
